// !$*UTF8*$!
{
	archiveVersion = 1;
	classes = {
	};
	objectVersion = 50;
	objects = {

/* Begin PBXBuildFile section */
		CDB6257B217BA58A001FA3ED /* AppDelegate.swift in Sources */ = {isa = PBXBuildFile; fileRef = CDB6257A217BA58A001FA3ED /* AppDelegate.swift */; };
		CDB6257D217BA58A001FA3ED /* ViewController.swift in Sources */ = {isa = PBXBuildFile; fileRef = CDB6257C217BA58A001FA3ED /* ViewController.swift */; };
		CDB62580217BA58A001FA3ED /* Main.storyboard in Resources */ = {isa = PBXBuildFile; fileRef = CDB6257E217BA58A001FA3ED /* Main.storyboard */; };
		CDB62583217BA58A001FA3ED /* OneFamily.xcdatamodeld in Sources */ = {isa = PBXBuildFile; fileRef = CDB62581217BA58A001FA3ED /* OneFamily.xcdatamodeld */; };
		CDB62585217BA591001FA3ED /* Assets.xcassets in Resources */ = {isa = PBXBuildFile; fileRef = CDB62584217BA591001FA3ED /* Assets.xcassets */; };
		CDB62588217BA591001FA3ED /* LaunchScreen.storyboard in Resources */ = {isa = PBXBuildFile; fileRef = CDB62586217BA591001FA3ED /* LaunchScreen.storyboard */; };
		CDB62593217BA591001FA3ED /* OneFamilyTests.swift in Sources */ = {isa = PBXBuildFile; fileRef = CDB62592217BA591001FA3ED /* OneFamilyTests.swift */; };
		CDB6259E217BA591001FA3ED /* OneFamilyUITests.swift in Sources */ = {isa = PBXBuildFile; fileRef = CDB6259D217BA591001FA3ED /* OneFamilyUITests.swift */; };
		CDB625AC217BA8B3001FA3ED /* parentDashViewController.swift in Sources */ = {isa = PBXBuildFile; fileRef = CDB625AB217BA8B3001FA3ED /* parentDashViewController.swift */; };
		CDB625B0217BABDD001FA3ED /* Account.swift in Sources */ = {isa = PBXBuildFile; fileRef = CDB625AF217BABDD001FA3ED /* Account.swift */; };
		CDB625B2217BAD7C001FA3ED /* AccountViewController.swift in Sources */ = {isa = PBXBuildFile; fileRef = CDB625B1217BAD7C001FA3ED /* AccountViewController.swift */; };
		CDB625B6217BB91A001FA3ED /* Transaction.swift in Sources */ = {isa = PBXBuildFile; fileRef = CDB625B5217BB91A001FA3ED /* Transaction.swift */; };
		CDB625B8217BB9A4001FA3ED /* transactionTableViewCell.swift in Sources */ = {isa = PBXBuildFile; fileRef = CDB625B7217BB9A4001FA3ED /* transactionTableViewCell.swift */; };
		CDB625BC217BC5E3001FA3ED /* createAccountViewController.swift in Sources */ = {isa = PBXBuildFile; fileRef = CDB625BB217BC5E2001FA3ED /* createAccountViewController.swift */; };
		CDB625BE217BC74F001FA3ED /* childLogInViewController.swift in Sources */ = {isa = PBXBuildFile; fileRef = CDB625BD217BC74F001FA3ED /* childLogInViewController.swift */; };
		CDB625C0217BCC7E001FA3ED /* parentAccountsCollectionViewCell.swift in Sources */ = {isa = PBXBuildFile; fileRef = CDB625BF217BCC7E001FA3ED /* parentAccountsCollectionViewCell.swift */; };
		CDB625C2217CC545001FA3ED /* chartsViewController.swift in Sources */ = {isa = PBXBuildFile; fileRef = CDB625C1217CC545001FA3ED /* chartsViewController.swift */; };
/* End PBXBuildFile section */

/* Begin PBXContainerItemProxy section */
		CDB6258F217BA591001FA3ED /* PBXContainerItemProxy */ = {
			isa = PBXContainerItemProxy;
			containerPortal = CDB6256F217BA589001FA3ED /* Project object */;
			proxyType = 1;
			remoteGlobalIDString = CDB62576217BA58A001FA3ED;
			remoteInfo = OneFamily;
		};
		CDB6259A217BA591001FA3ED /* PBXContainerItemProxy */ = {
			isa = PBXContainerItemProxy;
			containerPortal = CDB6256F217BA589001FA3ED /* Project object */;
			proxyType = 1;
			remoteGlobalIDString = CDB62576217BA58A001FA3ED;
			remoteInfo = OneFamily;
		};
/* End PBXContainerItemProxy section */

/* Begin PBXFileReference section */
		CDB62577217BA58A001FA3ED /* OneFamily.app */ = {isa = PBXFileReference; explicitFileType = wrapper.application; includeInIndex = 0; path = OneFamily.app; sourceTree = BUILT_PRODUCTS_DIR; };
		CDB6257A217BA58A001FA3ED /* AppDelegate.swift */ = {isa = PBXFileReference; lastKnownFileType = sourcecode.swift; path = AppDelegate.swift; sourceTree = "<group>"; };
		CDB6257C217BA58A001FA3ED /* ViewController.swift */ = {isa = PBXFileReference; lastKnownFileType = sourcecode.swift; path = ViewController.swift; sourceTree = "<group>"; };
		CDB6257F217BA58A001FA3ED /* Base */ = {isa = PBXFileReference; lastKnownFileType = file.storyboard; name = Base; path = Base.lproj/Main.storyboard; sourceTree = "<group>"; };
		CDB62582217BA58A001FA3ED /* OneFamily.xcdatamodel */ = {isa = PBXFileReference; lastKnownFileType = wrapper.xcdatamodel; path = OneFamily.xcdatamodel; sourceTree = "<group>"; };
		CDB62584217BA591001FA3ED /* Assets.xcassets */ = {isa = PBXFileReference; lastKnownFileType = folder.assetcatalog; path = Assets.xcassets; sourceTree = "<group>"; };
		CDB62587217BA591001FA3ED /* Base */ = {isa = PBXFileReference; lastKnownFileType = file.storyboard; name = Base; path = Base.lproj/LaunchScreen.storyboard; sourceTree = "<group>"; };
		CDB62589217BA591001FA3ED /* Info.plist */ = {isa = PBXFileReference; lastKnownFileType = text.plist.xml; path = Info.plist; sourceTree = "<group>"; };
		CDB6258E217BA591001FA3ED /* OneFamilyTests.xctest */ = {isa = PBXFileReference; explicitFileType = wrapper.cfbundle; includeInIndex = 0; path = OneFamilyTests.xctest; sourceTree = BUILT_PRODUCTS_DIR; };
		CDB62592217BA591001FA3ED /* OneFamilyTests.swift */ = {isa = PBXFileReference; lastKnownFileType = sourcecode.swift; path = OneFamilyTests.swift; sourceTree = "<group>"; };
		CDB62594217BA591001FA3ED /* Info.plist */ = {isa = PBXFileReference; lastKnownFileType = text.plist.xml; path = Info.plist; sourceTree = "<group>"; };
		CDB62599217BA591001FA3ED /* OneFamilyUITests.xctest */ = {isa = PBXFileReference; explicitFileType = wrapper.cfbundle; includeInIndex = 0; path = OneFamilyUITests.xctest; sourceTree = BUILT_PRODUCTS_DIR; };
		CDB6259D217BA591001FA3ED /* OneFamilyUITests.swift */ = {isa = PBXFileReference; lastKnownFileType = sourcecode.swift; path = OneFamilyUITests.swift; sourceTree = "<group>"; };
		CDB6259F217BA591001FA3ED /* Info.plist */ = {isa = PBXFileReference; lastKnownFileType = text.plist.xml; path = Info.plist; sourceTree = "<group>"; };
		CDB625AB217BA8B3001FA3ED /* parentDashViewController.swift */ = {isa = PBXFileReference; lastKnownFileType = sourcecode.swift; path = parentDashViewController.swift; sourceTree = "<group>"; };
		CDB625AF217BABDD001FA3ED /* Account.swift */ = {isa = PBXFileReference; lastKnownFileType = sourcecode.swift; path = Account.swift; sourceTree = "<group>"; };
		CDB625B1217BAD7C001FA3ED /* AccountViewController.swift */ = {isa = PBXFileReference; lastKnownFileType = sourcecode.swift; path = AccountViewController.swift; sourceTree = "<group>"; };
		CDB625B5217BB91A001FA3ED /* Transaction.swift */ = {isa = PBXFileReference; lastKnownFileType = sourcecode.swift; path = Transaction.swift; sourceTree = "<group>"; };
		CDB625B7217BB9A4001FA3ED /* transactionTableViewCell.swift */ = {isa = PBXFileReference; lastKnownFileType = sourcecode.swift; path = transactionTableViewCell.swift; sourceTree = "<group>"; };
		CDB625BB217BC5E2001FA3ED /* createAccountViewController.swift */ = {isa = PBXFileReference; lastKnownFileType = sourcecode.swift; path = createAccountViewController.swift; sourceTree = "<group>"; };
		CDB625BD217BC74F001FA3ED /* childLogInViewController.swift */ = {isa = PBXFileReference; lastKnownFileType = sourcecode.swift; path = childLogInViewController.swift; sourceTree = "<group>"; };
		CDB625BF217BCC7E001FA3ED /* parentAccountsCollectionViewCell.swift */ = {isa = PBXFileReference; lastKnownFileType = sourcecode.swift; path = parentAccountsCollectionViewCell.swift; sourceTree = "<group>"; };
		CDB625C1217CC545001FA3ED /* chartsViewController.swift */ = {isa = PBXFileReference; lastKnownFileType = sourcecode.swift; path = chartsViewController.swift; sourceTree = "<group>"; };
/* End PBXFileReference section */

/* Begin PBXFrameworksBuildPhase section */
		CDB62574217BA58A001FA3ED /* Frameworks */ = {
			isa = PBXFrameworksBuildPhase;
			buildActionMask = 2147483647;
			files = (
			);
			runOnlyForDeploymentPostprocessing = 0;
		};
		CDB6258B217BA591001FA3ED /* Frameworks */ = {
			isa = PBXFrameworksBuildPhase;
			buildActionMask = 2147483647;
			files = (
			);
			runOnlyForDeploymentPostprocessing = 0;
		};
		CDB62596217BA591001FA3ED /* Frameworks */ = {
			isa = PBXFrameworksBuildPhase;
			buildActionMask = 2147483647;
			files = (
			);
			runOnlyForDeploymentPostprocessing = 0;
		};
/* End PBXFrameworksBuildPhase section */

/* Begin PBXGroup section */
		CDB6256E217BA589001FA3ED = {
			isa = PBXGroup;
			children = (
				CDB62579217BA58A001FA3ED /* OneFamily */,
				CDB62591217BA591001FA3ED /* OneFamilyTests */,
				CDB6259C217BA591001FA3ED /* OneFamilyUITests */,
				CDB62578217BA58A001FA3ED /* Products */,
			);
			sourceTree = "<group>";
		};
		CDB62578217BA58A001FA3ED /* Products */ = {
			isa = PBXGroup;
			children = (
				CDB62577217BA58A001FA3ED /* OneFamily.app */,
				CDB6258E217BA591001FA3ED /* OneFamilyTests.xctest */,
				CDB62599217BA591001FA3ED /* OneFamilyUITests.xctest */,
			);
			name = Products;
			sourceTree = "<group>";
		};
		CDB62579217BA58A001FA3ED /* OneFamily */ = {
			isa = PBXGroup;
			children = (
				CDB6257A217BA58A001FA3ED /* AppDelegate.swift */,
				CDB6257C217BA58A001FA3ED /* ViewController.swift */,
				CDB625AB217BA8B3001FA3ED /* parentDashViewController.swift */,
				CDB625B1217BAD7C001FA3ED /* AccountViewController.swift */,
				CDB625BB217BC5E2001FA3ED /* createAccountViewController.swift */,
				CDB625BD217BC74F001FA3ED /* childLogInViewController.swift */,
				CDB6257E217BA58A001FA3ED /* Main.storyboard */,
				CDB625C1217CC545001FA3ED /* chartsViewController.swift */,
				CDB625BF217BCC7E001FA3ED /* parentAccountsCollectionViewCell.swift */,
				CDB625AF217BABDD001FA3ED /* Account.swift */,
				CDB625B5217BB91A001FA3ED /* Transaction.swift */,
				CDB625B7217BB9A4001FA3ED /* transactionTableViewCell.swift */,
				CDB62584217BA591001FA3ED /* Assets.xcassets */,
				CDB62586217BA591001FA3ED /* LaunchScreen.storyboard */,
				CDB62589217BA591001FA3ED /* Info.plist */,
				CDB62581217BA58A001FA3ED /* OneFamily.xcdatamodeld */,
			);
			path = OneFamily;
			sourceTree = "<group>";
		};
		CDB62591217BA591001FA3ED /* OneFamilyTests */ = {
			isa = PBXGroup;
			children = (
				CDB62592217BA591001FA3ED /* OneFamilyTests.swift */,
				CDB62594217BA591001FA3ED /* Info.plist */,
			);
			path = OneFamilyTests;
			sourceTree = "<group>";
		};
		CDB6259C217BA591001FA3ED /* OneFamilyUITests */ = {
			isa = PBXGroup;
			children = (
				CDB6259D217BA591001FA3ED /* OneFamilyUITests.swift */,
				CDB6259F217BA591001FA3ED /* Info.plist */,
			);
			path = OneFamilyUITests;
			sourceTree = "<group>";
		};
/* End PBXGroup section */

/* Begin PBXNativeTarget section */
		CDB62576217BA58A001FA3ED /* OneFamily */ = {
			isa = PBXNativeTarget;
			buildConfigurationList = CDB625A2217BA591001FA3ED /* Build configuration list for PBXNativeTarget "OneFamily" */;
			buildPhases = (
				CDB62573217BA58A001FA3ED /* Sources */,
				CDB62574217BA58A001FA3ED /* Frameworks */,
				CDB62575217BA58A001FA3ED /* Resources */,
			);
			buildRules = (
			);
			dependencies = (
			);
			name = OneFamily;
			productName = OneFamily;
			productReference = CDB62577217BA58A001FA3ED /* OneFamily.app */;
			productType = "com.apple.product-type.application";
		};
		CDB6258D217BA591001FA3ED /* OneFamilyTests */ = {
			isa = PBXNativeTarget;
			buildConfigurationList = CDB625A5217BA591001FA3ED /* Build configuration list for PBXNativeTarget "OneFamilyTests" */;
			buildPhases = (
				CDB6258A217BA591001FA3ED /* Sources */,
				CDB6258B217BA591001FA3ED /* Frameworks */,
				CDB6258C217BA591001FA3ED /* Resources */,
			);
			buildRules = (
			);
			dependencies = (
				CDB62590217BA591001FA3ED /* PBXTargetDependency */,
			);
			name = OneFamilyTests;
			productName = OneFamilyTests;
			productReference = CDB6258E217BA591001FA3ED /* OneFamilyTests.xctest */;
			productType = "com.apple.product-type.bundle.unit-test";
		};
		CDB62598217BA591001FA3ED /* OneFamilyUITests */ = {
			isa = PBXNativeTarget;
			buildConfigurationList = CDB625A8217BA591001FA3ED /* Build configuration list for PBXNativeTarget "OneFamilyUITests" */;
			buildPhases = (
				CDB62595217BA591001FA3ED /* Sources */,
				CDB62596217BA591001FA3ED /* Frameworks */,
				CDB62597217BA591001FA3ED /* Resources */,
			);
			buildRules = (
			);
			dependencies = (
				CDB6259B217BA591001FA3ED /* PBXTargetDependency */,
			);
			name = OneFamilyUITests;
			productName = OneFamilyUITests;
			productReference = CDB62599217BA591001FA3ED /* OneFamilyUITests.xctest */;
			productType = "com.apple.product-type.bundle.ui-testing";
		};
/* End PBXNativeTarget section */

/* Begin PBXProject section */
		CDB6256F217BA589001FA3ED /* Project object */ = {
			isa = PBXProject;
			attributes = {
				LastSwiftUpdateCheck = 1000;
				LastUpgradeCheck = 1000;
				ORGANIZATIONNAME = Turner;
				TargetAttributes = {
					CDB62576217BA58A001FA3ED = {
						CreatedOnToolsVersion = 10.0;
					};
					CDB6258D217BA591001FA3ED = {
						CreatedOnToolsVersion = 10.0;
						TestTargetID = CDB62576217BA58A001FA3ED;
					};
					CDB62598217BA591001FA3ED = {
						CreatedOnToolsVersion = 10.0;
						TestTargetID = CDB62576217BA58A001FA3ED;
					};
				};
			};
			buildConfigurationList = CDB62572217BA589001FA3ED /* Build configuration list for PBXProject "OneFamily" */;
			compatibilityVersion = "Xcode 9.3";
			developmentRegion = en;
			hasScannedForEncodings = 0;
			knownRegions = (
				en,
				Base,
			);
			mainGroup = CDB6256E217BA589001FA3ED;
			productRefGroup = CDB62578217BA58A001FA3ED /* Products */;
			projectDirPath = "";
			projectRoot = "";
			targets = (
				CDB62576217BA58A001FA3ED /* OneFamily */,
				CDB6258D217BA591001FA3ED /* OneFamilyTests */,
				CDB62598217BA591001FA3ED /* OneFamilyUITests */,
			);
		};
/* End PBXProject section */

/* Begin PBXResourcesBuildPhase section */
		CDB62575217BA58A001FA3ED /* Resources */ = {
			isa = PBXResourcesBuildPhase;
			buildActionMask = 2147483647;
			files = (
				CDB62588217BA591001FA3ED /* LaunchScreen.storyboard in Resources */,
				CDB62585217BA591001FA3ED /* Assets.xcassets in Resources */,
				CDB62580217BA58A001FA3ED /* Main.storyboard in Resources */,
			);
			runOnlyForDeploymentPostprocessing = 0;
		};
		CDB6258C217BA591001FA3ED /* Resources */ = {
			isa = PBXResourcesBuildPhase;
			buildActionMask = 2147483647;
			files = (
			);
			runOnlyForDeploymentPostprocessing = 0;
		};
		CDB62597217BA591001FA3ED /* Resources */ = {
			isa = PBXResourcesBuildPhase;
			buildActionMask = 2147483647;
			files = (
			);
			runOnlyForDeploymentPostprocessing = 0;
		};
/* End PBXResourcesBuildPhase section */

/* Begin PBXSourcesBuildPhase section */
		CDB62573217BA58A001FA3ED /* Sources */ = {
			isa = PBXSourcesBuildPhase;
			buildActionMask = 2147483647;
			files = (
				CDB62583217BA58A001FA3ED /* OneFamily.xcdatamodeld in Sources */,
				CDB6257D217BA58A001FA3ED /* ViewController.swift in Sources */,
				CDB625B2217BAD7C001FA3ED /* AccountViewController.swift in Sources */,
				CDB625BE217BC74F001FA3ED /* childLogInViewController.swift in Sources */,
				CDB625AC217BA8B3001FA3ED /* parentDashViewController.swift in Sources */,
				CDB625C2217CC545001FA3ED /* chartsViewController.swift in Sources */,
				CDB6257B217BA58A001FA3ED /* AppDelegate.swift in Sources */,
				CDB625BC217BC5E3001FA3ED /* createAccountViewController.swift in Sources */,
				CDB625C0217BCC7E001FA3ED /* parentAccountsCollectionViewCell.swift in Sources */,
				CDB625B8217BB9A4001FA3ED /* transactionTableViewCell.swift in Sources */,
				CDB625B0217BABDD001FA3ED /* Account.swift in Sources */,
				CDB625B6217BB91A001FA3ED /* Transaction.swift in Sources */,
			);
			runOnlyForDeploymentPostprocessing = 0;
		};
		CDB6258A217BA591001FA3ED /* Sources */ = {
			isa = PBXSourcesBuildPhase;
			buildActionMask = 2147483647;
			files = (
				CDB62593217BA591001FA3ED /* OneFamilyTests.swift in Sources */,
			);
			runOnlyForDeploymentPostprocessing = 0;
		};
		CDB62595217BA591001FA3ED /* Sources */ = {
			isa = PBXSourcesBuildPhase;
			buildActionMask = 2147483647;
			files = (
				CDB6259E217BA591001FA3ED /* OneFamilyUITests.swift in Sources */,
			);
			runOnlyForDeploymentPostprocessing = 0;
		};
/* End PBXSourcesBuildPhase section */

/* Begin PBXTargetDependency section */
		CDB62590217BA591001FA3ED /* PBXTargetDependency */ = {
			isa = PBXTargetDependency;
			target = CDB62576217BA58A001FA3ED /* OneFamily */;
			targetProxy = CDB6258F217BA591001FA3ED /* PBXContainerItemProxy */;
		};
		CDB6259B217BA591001FA3ED /* PBXTargetDependency */ = {
			isa = PBXTargetDependency;
			target = CDB62576217BA58A001FA3ED /* OneFamily */;
			targetProxy = CDB6259A217BA591001FA3ED /* PBXContainerItemProxy */;
		};
/* End PBXTargetDependency section */

/* Begin PBXVariantGroup section */
		CDB6257E217BA58A001FA3ED /* Main.storyboard */ = {
			isa = PBXVariantGroup;
			children = (
				CDB6257F217BA58A001FA3ED /* Base */,
			);
			name = Main.storyboard;
			sourceTree = "<group>";
		};
		CDB62586217BA591001FA3ED /* LaunchScreen.storyboard */ = {
			isa = PBXVariantGroup;
			children = (
				CDB62587217BA591001FA3ED /* Base */,
			);
			name = LaunchScreen.storyboard;
			sourceTree = "<group>";
		};
/* End PBXVariantGroup section */

/* Begin XCBuildConfiguration section */
		CDB625A0217BA591001FA3ED /* Debug */ = {
			isa = XCBuildConfiguration;
			buildSettings = {
				ALWAYS_SEARCH_USER_PATHS = NO;
				CLANG_ANALYZER_NONNULL = YES;
				CLANG_ANALYZER_NUMBER_OBJECT_CONVERSION = YES_AGGRESSIVE;
				CLANG_CXX_LANGUAGE_STANDARD = "gnu++14";
				CLANG_CXX_LIBRARY = "libc++";
				CLANG_ENABLE_MODULES = YES;
				CLANG_ENABLE_OBJC_ARC = YES;
				CLANG_ENABLE_OBJC_WEAK = YES;
				CLANG_WARN_BLOCK_CAPTURE_AUTORELEASING = YES;
				CLANG_WARN_BOOL_CONVERSION = YES;
				CLANG_WARN_COMMA = YES;
				CLANG_WARN_CONSTANT_CONVERSION = YES;
				CLANG_WARN_DEPRECATED_OBJC_IMPLEMENTATIONS = YES;
				CLANG_WARN_DIRECT_OBJC_ISA_USAGE = YES_ERROR;
				CLANG_WARN_DOCUMENTATION_COMMENTS = YES;
				CLANG_WARN_EMPTY_BODY = YES;
				CLANG_WARN_ENUM_CONVERSION = YES;
				CLANG_WARN_INFINITE_RECURSION = YES;
				CLANG_WARN_INT_CONVERSION = YES;
				CLANG_WARN_NON_LITERAL_NULL_CONVERSION = YES;
				CLANG_WARN_OBJC_IMPLICIT_RETAIN_SELF = YES;
				CLANG_WARN_OBJC_LITERAL_CONVERSION = YES;
				CLANG_WARN_OBJC_ROOT_CLASS = YES_ERROR;
				CLANG_WARN_RANGE_LOOP_ANALYSIS = YES;
				CLANG_WARN_STRICT_PROTOTYPES = YES;
				CLANG_WARN_SUSPICIOUS_MOVE = YES;
				CLANG_WARN_UNGUARDED_AVAILABILITY = YES_AGGRESSIVE;
				CLANG_WARN_UNREACHABLE_CODE = YES;
				CLANG_WARN__DUPLICATE_METHOD_MATCH = YES;
				CODE_SIGN_IDENTITY = "iPhone Developer";
				COPY_PHASE_STRIP = NO;
				DEBUG_INFORMATION_FORMAT = dwarf;
				ENABLE_STRICT_OBJC_MSGSEND = YES;
				ENABLE_TESTABILITY = YES;
				GCC_C_LANGUAGE_STANDARD = gnu11;
				GCC_DYNAMIC_NO_PIC = NO;
				GCC_NO_COMMON_BLOCKS = YES;
				GCC_OPTIMIZATION_LEVEL = 0;
				GCC_PREPROCESSOR_DEFINITIONS = (
					"DEBUG=1",
					"$(inherited)",
				);
				GCC_WARN_64_TO_32_BIT_CONVERSION = YES;
				GCC_WARN_ABOUT_RETURN_TYPE = YES_ERROR;
				GCC_WARN_UNDECLARED_SELECTOR = YES;
				GCC_WARN_UNINITIALIZED_AUTOS = YES_AGGRESSIVE;
				GCC_WARN_UNUSED_FUNCTION = YES;
				GCC_WARN_UNUSED_VARIABLE = YES;
				IPHONEOS_DEPLOYMENT_TARGET = 12.0;
				MTL_ENABLE_DEBUG_INFO = INCLUDE_SOURCE;
				MTL_FAST_MATH = YES;
				ONLY_ACTIVE_ARCH = YES;
				SDKROOT = iphoneos;
				SWIFT_ACTIVE_COMPILATION_CONDITIONS = DEBUG;
				SWIFT_OPTIMIZATION_LEVEL = "-Onone";
			};
			name = Debug;
		};
		CDB625A1217BA591001FA3ED /* Release */ = {
			isa = XCBuildConfiguration;
			buildSettings = {
				ALWAYS_SEARCH_USER_PATHS = NO;
				CLANG_ANALYZER_NONNULL = YES;
				CLANG_ANALYZER_NUMBER_OBJECT_CONVERSION = YES_AGGRESSIVE;
				CLANG_CXX_LANGUAGE_STANDARD = "gnu++14";
				CLANG_CXX_LIBRARY = "libc++";
				CLANG_ENABLE_MODULES = YES;
				CLANG_ENABLE_OBJC_ARC = YES;
				CLANG_ENABLE_OBJC_WEAK = YES;
				CLANG_WARN_BLOCK_CAPTURE_AUTORELEASING = YES;
				CLANG_WARN_BOOL_CONVERSION = YES;
				CLANG_WARN_COMMA = YES;
				CLANG_WARN_CONSTANT_CONVERSION = YES;
				CLANG_WARN_DEPRECATED_OBJC_IMPLEMENTATIONS = YES;
				CLANG_WARN_DIRECT_OBJC_ISA_USAGE = YES_ERROR;
				CLANG_WARN_DOCUMENTATION_COMMENTS = YES;
				CLANG_WARN_EMPTY_BODY = YES;
				CLANG_WARN_ENUM_CONVERSION = YES;
				CLANG_WARN_INFINITE_RECURSION = YES;
				CLANG_WARN_INT_CONVERSION = YES;
				CLANG_WARN_NON_LITERAL_NULL_CONVERSION = YES;
				CLANG_WARN_OBJC_IMPLICIT_RETAIN_SELF = YES;
				CLANG_WARN_OBJC_LITERAL_CONVERSION = YES;
				CLANG_WARN_OBJC_ROOT_CLASS = YES_ERROR;
				CLANG_WARN_RANGE_LOOP_ANALYSIS = YES;
				CLANG_WARN_STRICT_PROTOTYPES = YES;
				CLANG_WARN_SUSPICIOUS_MOVE = YES;
				CLANG_WARN_UNGUARDED_AVAILABILITY = YES_AGGRESSIVE;
				CLANG_WARN_UNREACHABLE_CODE = YES;
				CLANG_WARN__DUPLICATE_METHOD_MATCH = YES;
				CODE_SIGN_IDENTITY = "iPhone Developer";
				COPY_PHASE_STRIP = NO;
				DEBUG_INFORMATION_FORMAT = "dwarf-with-dsym";
				ENABLE_NS_ASSERTIONS = NO;
				ENABLE_STRICT_OBJC_MSGSEND = YES;
				GCC_C_LANGUAGE_STANDARD = gnu11;
				GCC_NO_COMMON_BLOCKS = YES;
				GCC_WARN_64_TO_32_BIT_CONVERSION = YES;
				GCC_WARN_ABOUT_RETURN_TYPE = YES_ERROR;
				GCC_WARN_UNDECLARED_SELECTOR = YES;
				GCC_WARN_UNINITIALIZED_AUTOS = YES_AGGRESSIVE;
				GCC_WARN_UNUSED_FUNCTION = YES;
				GCC_WARN_UNUSED_VARIABLE = YES;
				IPHONEOS_DEPLOYMENT_TARGET = 12.0;
				MTL_ENABLE_DEBUG_INFO = NO;
				MTL_FAST_MATH = YES;
				SDKROOT = iphoneos;
				SWIFT_COMPILATION_MODE = wholemodule;
				SWIFT_OPTIMIZATION_LEVEL = "-O";
				VALIDATE_PRODUCT = YES;
			};
			name = Release;
		};
		CDB625A3217BA591001FA3ED /* Debug */ = {
			isa = XCBuildConfiguration;
			buildSettings = {
				ASSETCATALOG_COMPILER_APPICON_NAME = AppIcon;
				CODE_SIGN_STYLE = Automatic;
				DEVELOPMENT_TEAM = 7MB6BP6S27;
				INFOPLIST_FILE = OneFamily/Info.plist;
				LD_RUNPATH_SEARCH_PATHS = (
					"$(inherited)",
					"@executable_path/Frameworks",
				);
				PRODUCT_BUNDLE_IDENTIFIER = com.turner.OneFamily;
				PRODUCT_NAME = "$(TARGET_NAME)";
				SWIFT_VERSION = 4.2;
				TARGETED_DEVICE_FAMILY = "1,2";
			};
			name = Debug;
		};
		CDB625A4217BA591001FA3ED /* Release */ = {
			isa = XCBuildConfiguration;
			buildSettings = {
				ASSETCATALOG_COMPILER_APPICON_NAME = AppIcon;
				CODE_SIGN_STYLE = Automatic;
				DEVELOPMENT_TEAM = 7MB6BP6S27;
				INFOPLIST_FILE = OneFamily/Info.plist;
				LD_RUNPATH_SEARCH_PATHS = (
					"$(inherited)",
					"@executable_path/Frameworks",
				);
				PRODUCT_BUNDLE_IDENTIFIER = com.turner.OneFamily;
				PRODUCT_NAME = "$(TARGET_NAME)";
				SWIFT_VERSION = 4.2;
				TARGETED_DEVICE_FAMILY = "1,2";
			};
			name = Release;
		};
		CDB625A6217BA591001FA3ED /* Debug */ = {
			isa = XCBuildConfiguration;
			buildSettings = {
				ALWAYS_EMBED_SWIFT_STANDARD_LIBRARIES = YES;
				BUNDLE_LOADER = "$(TEST_HOST)";
				CODE_SIGN_STYLE = Automatic;
				DEVELOPMENT_TEAM = 7MB6BP6S27;
				INFOPLIST_FILE = OneFamilyTests/Info.plist;
				LD_RUNPATH_SEARCH_PATHS = (
					"$(inherited)",
					"@executable_path/Frameworks",
					"@loader_path/Frameworks",
				);
				PRODUCT_BUNDLE_IDENTIFIER = com.turner.OneFamilyTests;
				PRODUCT_NAME = "$(TARGET_NAME)";
				SWIFT_VERSION = 4.2;
				TARGETED_DEVICE_FAMILY = "1,2";
				TEST_HOST = "$(BUILT_PRODUCTS_DIR)/OneFamily.app/OneFamily";
			};
			name = Debug;
		};
		CDB625A7217BA591001FA3ED /* Release */ = {
			isa = XCBuildConfiguration;
			buildSettings = {
				ALWAYS_EMBED_SWIFT_STANDARD_LIBRARIES = YES;
				BUNDLE_LOADER = "$(TEST_HOST)";
				CODE_SIGN_STYLE = Automatic;
				DEVELOPMENT_TEAM = 7MB6BP6S27;
				INFOPLIST_FILE = OneFamilyTests/Info.plist;
				LD_RUNPATH_SEARCH_PATHS = (
					"$(inherited)",
					"@executable_path/Frameworks",
					"@loader_path/Frameworks",
				);
				PRODUCT_BUNDLE_IDENTIFIER = com.turner.OneFamilyTests;
				PRODUCT_NAME = "$(TARGET_NAME)";
				SWIFT_VERSION = 4.2;
				TARGETED_DEVICE_FAMILY = "1,2";
				TEST_HOST = "$(BUILT_PRODUCTS_DIR)/OneFamily.app/OneFamily";
			};
			name = Release;
		};
		CDB625A9217BA591001FA3ED /* Debug */ = {
			isa = XCBuildConfiguration;
			buildSettings = {
				ALWAYS_EMBED_SWIFT_STANDARD_LIBRARIES = YES;
				CODE_SIGN_STYLE = Automatic;
				DEVELOPMENT_TEAM = 7MB6BP6S27;
				INFOPLIST_FILE = OneFamilyUITests/Info.plist;
				LD_RUNPATH_SEARCH_PATHS = (
					"$(inherited)",
					"@executable_path/Frameworks",
					"@loader_path/Frameworks",
				);
				PRODUCT_BUNDLE_IDENTIFIER = com.turner.OneFamilyUITests;
				PRODUCT_NAME = "$(TARGET_NAME)";
				SWIFT_VERSION = 4.2;
				TARGETED_DEVICE_FAMILY = "1,2";
				TEST_TARGET_NAME = OneFamily;
			};
			name = Debug;
		};
		CDB625AA217BA591001FA3ED /* Release */ = {
			isa = XCBuildConfiguration;
			buildSettings = {
				ALWAYS_EMBED_SWIFT_STANDARD_LIBRARIES = YES;
				CODE_SIGN_STYLE = Automatic;
				DEVELOPMENT_TEAM = 7MB6BP6S27;
				INFOPLIST_FILE = OneFamilyUITests/Info.plist;
				LD_RUNPATH_SEARCH_PATHS = (
					"$(inherited)",
					"@executable_path/Frameworks",
					"@loader_path/Frameworks",
				);
				PRODUCT_BUNDLE_IDENTIFIER = com.turner.OneFamilyUITests;
				PRODUCT_NAME = "$(TARGET_NAME)";
				SWIFT_VERSION = 4.2;
				TARGETED_DEVICE_FAMILY = "1,2";
				TEST_TARGET_NAME = OneFamily;
			};
			name = Release;
		};
/* End XCBuildConfiguration section */

/* Begin XCConfigurationList section */
		CDB62572217BA589001FA3ED /* Build configuration list for PBXProject "OneFamily" */ = {
			isa = XCConfigurationList;
			buildConfigurations = (
				CDB625A0217BA591001FA3ED /* Debug */,
				CDB625A1217BA591001FA3ED /* Release */,
			);
			defaultConfigurationIsVisible = 0;
			defaultConfigurationName = Release;
		};
		CDB625A2217BA591001FA3ED /* Build configuration list for PBXNativeTarget "OneFamily" */ = {
			isa = XCConfigurationList;
			buildConfigurations = (
				CDB625A3217BA591001FA3ED /* Debug */,
				CDB625A4217BA591001FA3ED /* Release */,
			);
			defaultConfigurationIsVisible = 0;
			defaultConfigurationName = Release;
		};
		CDB625A5217BA591001FA3ED /* Build configuration list for PBXNativeTarget "OneFamilyTests" */ = {
			isa = XCConfigurationList;
			buildConfigurations = (
				CDB625A6217BA591001FA3ED /* Debug */,
				CDB625A7217BA591001FA3ED /* Release */,
			);
			defaultConfigurationIsVisible = 0;
			defaultConfigurationName = Release;
		};
		CDB625A8217BA591001FA3ED /* Build configuration list for PBXNativeTarget "OneFamilyUITests" */ = {
			isa = XCConfigurationList;
			buildConfigurations = (
				CDB625A9217BA591001FA3ED /* Debug */,
				CDB625AA217BA591001FA3ED /* Release */,
			);
			defaultConfigurationIsVisible = 0;
			defaultConfigurationName = Release;
		};
/* End XCConfigurationList section */

/* Begin XCVersionGroup section */
		CDB62581217BA58A001FA3ED /* OneFamily.xcdatamodeld */ = {
			isa = XCVersionGroup;
			children = (
				CDB62582217BA58A001FA3ED /* OneFamily.xcdatamodel */,
			);
			currentVersion = CDB62582217BA58A001FA3ED /* OneFamily.xcdatamodel */;
			path = OneFamily.xcdatamodeld;
			sourceTree = "<group>";
			versionGroupType = wrapper.xcdatamodel;
		};
/* End XCVersionGroup section */
	};
	rootObject = CDB6256F217BA589001FA3ED /* Project object */;
}
